
Microsoft Visual Studio Solution File, Format Version 12.00
# Visual Studio Version 17
VisualStudioVersion = 17.7.34202.233
MinimumVisualStudioVersion = 10.0.40219.1
Project("{9A19103F-16F7-4668-BE54-9A1E7A4F7556}") = "BabyNI", "BabyNI.csproj", "{A50506BA-CFC6-4ED4-82AF-E6374A155ED4}"
EndProject
Project("{9A19103F-16F7-4668-BE54-9A1E7A4F7556}") = "BabyAPI", "..\BabyAPI\BabyAPI.csproj", "{84CB6313-4CC7-4E6F-8C2A-F6AB44739478}"
EndProject
Project("{9A19103F-16F7-4668-BE54-9A1E7A4F7556}") = "Aggregator", "..\Aggregator\Aggregator.csproj", "{213A83FE-5389-488B-B7AE-0B980A2ECA6B}"
EndProject
Project("{9A19103F-16F7-4668-BE54-9A1E7A4F7556}") = "Watcher", "..\Watcher\Watcher.csproj", "{0CDDD9F5-C0E1-4217-AA0A-B417384BFA10}"
EndProject
Project("{9A19103F-16F7-4668-BE54-9A1E7A4F7556}") = "Parser", "..\Parser\Parser.csproj", "{29580FF7-0A06-4B26-974A-1B07A4C5FF88}"
EndProject
Project("{FAE04EC0-301F-11D3-BF4B-00C04F79EFBC}") = "Loader", "..\Loader\Loader.csproj", "{73094D98-B99E-423C-8FE4-01CB2274DBA8}"
EndProject
Global
	GlobalSection(SolutionConfigurationPlatforms) = preSolution
		Debug|Any CPU = Debug|Any CPU
		Release|Any CPU = Release|Any CPU
	EndGlobalSection
	GlobalSection(ProjectConfigurationPlatforms) = postSolution
		{A50506BA-CFC6-4ED4-82AF-E6374A155ED4}.Debug|Any CPU.ActiveCfg = Debug|Any CPU
		{A50506BA-CFC6-4ED4-82AF-E6374A155ED4}.Debug|Any CPU.Build.0 = Debug|Any CPU
		{A50506BA-CFC6-4ED4-82AF-E6374A155ED4}.Release|Any CPU.ActiveCfg = Release|Any CPU
		{A50506BA-CFC6-4ED4-82AF-E6374A155ED4}.Release|Any CPU.Build.0 = Release|Any CPU
		{84CB6313-4CC7-4E6F-8C2A-F6AB44739478}.Debug|Any CPU.ActiveCfg = Debug|Any CPU
		{84CB6313-4CC7-4E6F-8C2A-F6AB44739478}.Debug|Any CPU.Build.0 = Debug|Any CPU
		{84CB6313-4CC7-4E6F-8C2A-F6AB44739478}.Release|Any CPU.ActiveCfg = Release|Any CPU
		{84CB6313-4CC7-4E6F-8C2A-F6AB44739478}.Release|Any CPU.Build.0 = Release|Any CPU
		{213A83FE-5389-488B-B7AE-0B980A2ECA6B}.Debug|Any CPU.ActiveCfg = Debug|Any CPU
		{213A83FE-5389-488B-B7AE-0B980A2ECA6B}.Debug|Any CPU.Build.0 = Debug|Any CPU
		{213A83FE-5389-488B-B7AE-0B980A2ECA6B}.Release|Any CPU.ActiveCfg = Release|Any CPU
		{213A83FE-5389-488B-B7AE-0B980A2ECA6B}.Release|Any CPU.Build.0 = Release|Any CPU
		{0CDDD9F5-C0E1-4217-AA0A-B417384BFA10}.Debug|Any CPU.ActiveCfg = Debug|Any CPU
		{0CDDD9F5-C0E1-4217-AA0A-B417384BFA10}.Debug|Any CPU.Build.0 = Debug|Any CPU
		{0CDDD9F5-C0E1-4217-AA0A-B417384BFA10}.Release|Any CPU.ActiveCfg = Release|Any CPU
		{0CDDD9F5-C0E1-4217-AA0A-B417384BFA10}.Release|Any CPU.Build.0 = Release|Any CPU
		{29580FF7-0A06-4B26-974A-1B07A4C5FF88}.Debug|Any CPU.ActiveCfg = Debug|Any CPU
		{29580FF7-0A06-4B26-974A-1B07A4C5FF88}.Debug|Any CPU.Build.0 = Debug|Any CPU
		{29580FF7-0A06-4B26-974A-1B07A4C5FF88}.Release|Any CPU.ActiveCfg = Release|Any CPU
		{29580FF7-0A06-4B26-974A-1B07A4C5FF88}.Release|Any CPU.Build.0 = Release|Any CPU
		{73094D98-B99E-423C-8FE4-01CB2274DBA8}.Debug|Any CPU.ActiveCfg = Debug|Any CPU
		{73094D98-B99E-423C-8FE4-01CB2274DBA8}.Debug|Any CPU.Build.0 = Debug|Any CPU
		{73094D98-B99E-423C-8FE4-01CB2274DBA8}.Release|Any CPU.ActiveCfg = Release|Any CPU
		{73094D98-B99E-423C-8FE4-01CB2274DBA8}.Release|Any CPU.Build.0 = Release|Any CPU
	EndGlobalSection
	GlobalSection(SolutionProperties) = preSolution
		HideSolutionNode = FALSE
	EndGlobalSection
	GlobalSection(ExtensibilityGlobals) = postSolution
		SolutionGuid = {A42DBD65-814C-412E-9064-667737A8E4E1}
	EndGlobalSection
EndGlobal
