
Microsoft Visual Studio Solution File, Format Version 12.00
# Visual Studio Version 17
VisualStudioVersion = 17.7.34221.43
MinimumVisualStudioVersion = 10.0.40219.1
Project("{9A19103F-16F7-4668-BE54-9A1E7A4F7556}") = "BabyAPI", "babyapi\BabyAPI.csproj", "{27BE5F45-A469-4D39-A9E2-48817F1BAC1C}"
EndProject
Project("{FAE04EC0-301F-11D3-BF4B-00C04F79EFBC}") = "BabyNI", "BabyNI\BabyNI.csproj", "{FA366B4B-9A8B-42AD-9865-5E6793C72ECF}"
EndProject
Global
	GlobalSection(SolutionConfigurationPlatforms) = preSolution
		Debug|Any CPU = Debug|Any CPU
		Release|Any CPU = Release|Any CPU
	EndGlobalSection
	GlobalSection(ProjectConfigurationPlatforms) = postSolution
		{27BE5F45-A469-4D39-A9E2-48817F1BAC1C}.Debug|Any CPU.ActiveCfg = Debug|Any CPU
		{27BE5F45-A469-4D39-A9E2-48817F1BAC1C}.Debug|Any CPU.Build.0 = Debug|Any CPU
		{27BE5F45-A469-4D39-A9E2-48817F1BAC1C}.Release|Any CPU.ActiveCfg = Release|Any CPU
		{27BE5F45-A469-4D39-A9E2-48817F1BAC1C}.Release|Any CPU.Build.0 = Release|Any CPU
		{FA366B4B-9A8B-42AD-9865-5E6793C72ECF}.Debug|Any CPU.ActiveCfg = Debug|Any CPU
		{FA366B4B-9A8B-42AD-9865-5E6793C72ECF}.Debug|Any CPU.Build.0 = Debug|Any CPU
		{FA366B4B-9A8B-42AD-9865-5E6793C72ECF}.Release|Any CPU.ActiveCfg = Release|Any CPU
		{FA366B4B-9A8B-42AD-9865-5E6793C72ECF}.Release|Any CPU.Build.0 = Release|Any CPU
	EndGlobalSection
	GlobalSection(SolutionProperties) = preSolution
		HideSolutionNode = FALSE
	EndGlobalSection
	GlobalSection(ExtensibilityGlobals) = postSolution
		SolutionGuid = {3F0437DD-0681-4E23-B534-3A502839BF81}
	EndGlobalSection
EndGlobal
